
Microsoft Visual Studio Solution File, Format Version 12.00
Project("{FAE04EC0-301F-11D3-BF4B-00C04F79EFBC}") = "Tests", "Tests\Tests.csproj", "{0B3E5D70-6B1A-4BC4-84B0-E8A944C96D4F}"
EndProject
Project("{FAE04EC0-301F-11D3-BF4B-00C04F79EFBC}") = "RefactorGuidanceTool", "RefactorGuidanceTool\RefactorGuidanceTool.csproj", "{C1F2AA72-6049-4926-B0DF-D355FCD6AA1C}"
EndProject
Global
	GlobalSection(SolutionConfigurationPlatforms) = preSolution
		Debug|Any CPU = Debug|Any CPU
		Release|Any CPU = Release|Any CPU
	EndGlobalSection
	GlobalSection(ProjectConfigurationPlatforms) = postSolution
		{0B3E5D70-6B1A-4BC4-84B0-E8A944C96D4F}.Debug|Any CPU.ActiveCfg = Debug|Any CPU
		{0B3E5D70-6B1A-4BC4-84B0-E8A944C96D4F}.Debug|Any CPU.Build.0 = Debug|Any CPU
		{0B3E5D70-6B1A-4BC4-84B0-E8A944C96D4F}.Release|Any CPU.ActiveCfg = Release|Any CPU
		{0B3E5D70-6B1A-4BC4-84B0-E8A944C96D4F}.Release|Any CPU.Build.0 = Release|Any CPU
		{C1F2AA72-6049-4926-B0DF-D355FCD6AA1C}.Debug|Any CPU.ActiveCfg = Debug|Any CPU
		{C1F2AA72-6049-4926-B0DF-D355FCD6AA1C}.Debug|Any CPU.Build.0 = Debug|Any CPU
		{C1F2AA72-6049-4926-B0DF-D355FCD6AA1C}.Release|Any CPU.ActiveCfg = Release|Any CPU
		{C1F2AA72-6049-4926-B0DF-D355FCD6AA1C}.Release|Any CPU.Build.0 = Release|Any CPU
	EndGlobalSection
EndGlobal
